
Microsoft Visual Studio Solution File, Format Version 12.00
# Visual Studio Version 17
VisualStudioVersion = 17.2.32210.308
MinimumVisualStudioVersion = 10.0.40219.1
Project("{FAE04EC0-301F-11D3-BF4B-00C04F79EFBC}") = "APIContagem", "APIContagem.csproj", "{04E8DA4E-740B-440C-9677-1C671FFD84B5}"
EndProject
Global
	GlobalSection(SolutionConfigurationPlatforms) = preSolution
		Debug|Any CPU = Debug|Any CPU
		Release|Any CPU = Release|Any CPU
	EndGlobalSection
	GlobalSection(ProjectConfigurationPlatforms) = postSolution
		{04E8DA4E-740B-440C-9677-1C671FFD84B5}.Debug|Any CPU.ActiveCfg = Debug|Any CPU
		{04E8DA4E-740B-440C-9677-1C671FFD84B5}.Debug|Any CPU.Build.0 = Debug|Any CPU
		{04E8DA4E-740B-440C-9677-1C671FFD84B5}.Release|Any CPU.ActiveCfg = Release|Any CPU
		{04E8DA4E-740B-440C-9677-1C671FFD84B5}.Release|Any CPU.Build.0 = Release|Any CPU
	EndGlobalSection
	GlobalSection(SolutionProperties) = preSolution
		HideSolutionNode = FALSE
	EndGlobalSection
	GlobalSection(ExtensibilityGlobals) = postSolution
		SolutionGuid = {8C24AE2B-58B5-48CE-B9E1-DD5F8B3F32FC}
	EndGlobalSection
EndGlobal
